{
  "name": "code-info",
  "version": "0.0.1",
  "lockfileVersion": 2,
  "requires": true,
  "packages": {
    "": {
      "name": "code-info",
      "version": "0.0.1",
      "license": "ISC",
      "dependencies": {
        "node-ls-files": "^0.0.3"
      },
      "bin": {
        "ci": "node ./dist/cjs/bin/index.js",
        "code-info": "node ./dist/cjs/bin/index.js"
      },
      "devDependencies": {
        "@types/node": "latest",
        "typescript": "latest"
      },
      "engines": {
        "node": "*"
      }
    },
    "node_modules/@types/node": {
      "version": "18.11.9",
      "resolved": "https://registry.npmjs.org/@types/node/-/node-18.11.9.tgz",
      "integrity": "sha512-CRpX21/kGdzjOpFsZSkcrXMGIBWMGNIHXXBVFSH+ggkftxg+XYP20TESbh+zFvFj3EQOl5byk0HTRn1IL6hbqg==",
      "dev": true
    },
    "node_modules/node-ls-files": {
      "version": "0.0.3",
      "resolved": "https://registry.npmjs.org/node-ls-files/-/node-ls-files-0.0.3.tgz",
      "integrity": "sha512-OhZBvqbaSdZmAWAHX5xPHWrGep2Q0XDy6Kt3DY0LSWwEoiImWT41zW1oXwlIbQvJHrb3qO3itZRK0zhogLKPqA=="
    },
    "node_modules/typescript": {
      "version": "4.8.4",
      "resolved": "https://registry.npmjs.org/typescript/-/typescript-4.8.4.tgz",
      "integrity": "sha512-QCh+85mCy+h0IGff8r5XWzOVSbBO+KfeYrMQh7NJ58QujwcE22u+NUSmUxqF+un70P9GXKxa2HCNiTTMJknyjQ==",
      "dev": true,
      "bin": {
        "tsc": "bin/tsc",
        "tsserver": "bin/tsserver"
      },
      "engines": {
        "node": ">=4.2.0"
      }
    }
  },
  "dependencies": {
    "@types/node": {
      "version": "18.11.9",
      "resolved": "https://registry.npmjs.org/@types/node/-/node-18.11.9.tgz",
      "integrity": "sha512-CRpX21/kGdzjOpFsZSkcrXMGIBWMGNIHXXBVFSH+ggkftxg+XYP20TESbh+zFvFj3EQOl5byk0HTRn1IL6hbqg==",
      "dev": true
    },
    "node-ls-files": {
      "version": "0.0.3",
      "resolved": "https://registry.npmjs.org/node-ls-files/-/node-ls-files-0.0.3.tgz",
      "integrity": "sha512-OhZBvqbaSdZmAWAHX5xPHWrGep2Q0XDy6Kt3DY0LSWwEoiImWT41zW1oXwlIbQvJHrb3qO3itZRK0zhogLKPqA=="
    },
    "typescript": {
      "version": "4.8.4",
      "resolved": "https://registry.npmjs.org/typescript/-/typescript-4.8.4.tgz",
      "integrity": "sha512-QCh+85mCy+h0IGff8r5XWzOVSbBO+KfeYrMQh7NJ58QujwcE22u+NUSmUxqF+un70P9GXKxa2HCNiTTMJknyjQ==",
      "dev": true
    }
  }
}
